// !$*UTF8*$!
{
	archiveVersion = 1;
	classes = {
	};
	objectVersion = 46;
	objects = {

/* Begin PBXBuildFile section */
		14BE67691C5C0FF700361A6D /* main.m in Sources */ = {isa = PBXBuildFile; fileRef = 14BE67681C5C0FF700361A6D /* main.m */; };
		14BE676C1C5C0FF700361A6D /* AppDelegate.m in Sources */ = {isa = PBXBuildFile; fileRef = 14BE676B1C5C0FF700361A6D /* AppDelegate.m */; };
		14BE676E1C5C0FF700361A6D /* Shader.fsh in Resources */ = {isa = PBXBuildFile; fileRef = 14BE676D1C5C0FF700361A6D /* Shader.fsh */; };
		14BE67701C5C0FF700361A6D /* Shader.vsh in Resources */ = {isa = PBXBuildFile; fileRef = 14BE676F1C5C0FF700361A6D /* Shader.vsh */; };
		14BE67731C5C0FF700361A6D /* GameViewController.m in Sources */ = {isa = PBXBuildFile; fileRef = 14BE67721C5C0FF700361A6D /* GameViewController.m */; };
		14BE67781C5C0FF700361A6D /* Assets.xcassets in Resources */ = {isa = PBXBuildFile; fileRef = 14BE67771C5C0FF700361A6D /* Assets.xcassets */; };
		14BE67861C5C0FF800361A6D /* Flightsim_CardboardTests.m in Sources */ = {isa = PBXBuildFile; fileRef = 14BE67851C5C0FF800361A6D /* Flightsim_CardboardTests.m */; };
		14BE67911C5C0FF800361A6D /* Flightsim_CardboardUITests.m in Sources */ = {isa = PBXBuildFile; fileRef = 14BE67901C5C0FF800361A6D /* Flightsim_CardboardUITests.m */; };
		14BE67A11C5C169200361A6D /* LaunchScreen.storyboard in Resources */ = {isa = PBXBuildFile; fileRef = 14BE67A01C5C169200361A6D /* LaunchScreen.storyboard */; };
		14DE94981C60307B0076DDBC /* CBDStereoGLView.m in Sources */ = {isa = PBXBuildFile; fileRef = 14DE94931C60307B0076DDBC /* CBDStereoGLView.m */; };
		14DE94991C60307B0076DDBC /* CBDViewController.mm in Sources */ = {isa = PBXBuildFile; fileRef = 14DE94951C60307B0076DDBC /* CBDViewController.mm */; };
		14DE949F1C603ED40076DDBC /* GLHelpers.m in Sources */ = {isa = PBXBuildFile; fileRef = 14DE949E1C603ED40076DDBC /* GLHelpers.m */; };
		14DE94B81C603EEB0076DDBC /* CardboardDeviceParams.mm in Sources */ = {isa = PBXBuildFile; fileRef = 14DE94A21C603EEB0076DDBC /* CardboardDeviceParams.mm */; };
		14DE94B91C603EEB0076DDBC /* CardboardUnity.mm in Sources */ = {isa = PBXBuildFile; fileRef = 14DE94A41C603EEB0076DDBC /* CardboardUnity.mm */; };
		14DE94BA1C603EEB0076DDBC /* Distortion.mm in Sources */ = {isa = PBXBuildFile; fileRef = 14DE94A61C603EEB0076DDBC /* Distortion.mm */; };
		14DE94BB1C603EEB0076DDBC /* DistortionRenderer.mm in Sources */ = {isa = PBXBuildFile; fileRef = 14DE94A81C603EEB0076DDBC /* DistortionRenderer.mm */; };
		14DE94BC1C603EEB0076DDBC /* Eye.mm in Sources */ = {isa = PBXBuildFile; fileRef = 14DE94AA1C603EEB0076DDBC /* Eye.mm */; };
		14DE94BD1C603EEB0076DDBC /* FieldOfView.mm in Sources */ = {isa = PBXBuildFile; fileRef = 14DE94AC1C603EEB0076DDBC /* FieldOfView.mm */; };
		14DE94BE1C603EEB0076DDBC /* GLStateBackup.mm in Sources */ = {isa = PBXBuildFile; fileRef = 14DE94AE1C603EEB0076DDBC /* GLStateBackup.mm */; };
		14DE94BF1C603EEB0076DDBC /* HeadMountedDisplay.mm in Sources */ = {isa = PBXBuildFile; fileRef = 14DE94B01C603EEB0076DDBC /* HeadMountedDisplay.mm */; };
		14DE94C01C603EEB0076DDBC /* HeadTransform.mm in Sources */ = {isa = PBXBuildFile; fileRef = 14DE94B21C603EEB0076DDBC /* HeadTransform.mm */; };
		14DE94C11C603EEB0076DDBC /* ScreenParams.mm in Sources */ = {isa = PBXBuildFile; fileRef = 14DE94B41C603EEB0076DDBC /* ScreenParams.mm */; };
		14DE94C31C603EEB0076DDBC /* Viewport.mm in Sources */ = {isa = PBXBuildFile; fileRef = 14DE94B71C603EEB0076DDBC /* Viewport.mm */; };
		14DE94CA1C603EFA0076DDBC /* HeadTracker.mm in Sources */ = {isa = PBXBuildFile; fileRef = 14DE94C61C603EFA0076DDBC /* HeadTracker.mm */; };
		14DE94CC1C603EFA0076DDBC /* MagnetSensor.mm in Sources */ = {isa = PBXBuildFile; fileRef = 14DE94C91C603EFA0076DDBC /* MagnetSensor.mm */; };
		14DE94D61C603F120076DDBC /* Matrix3x3d.mm in Sources */ = {isa = PBXBuildFile; fileRef = 14DE94CF1C603F120076DDBC /* Matrix3x3d.mm */; };
		14DE94D71C603F120076DDBC /* OrientationEKF.mm in Sources */ = {isa = PBXBuildFile; fileRef = 14DE94D11C603F120076DDBC /* OrientationEKF.mm */; };
		14DE94D81C603F120076DDBC /* SO3Util.mm in Sources */ = {isa = PBXBuildFile; fileRef = 14DE94D31C603F120076DDBC /* SO3Util.mm */; };
		14DE94D91C603F120076DDBC /* Vector3d.mm in Sources */ = {isa = PBXBuildFile; fileRef = 14DE94D51C603F120076DDBC /* Vector3d.mm */; };
		14DE94DB1C618AEC0076DDBC /* CoreMotion.framework in Frameworks */ = {isa = PBXBuildFile; fileRef = 14DE94DA1C618AEC0076DDBC /* CoreMotion.framework */; };
/* End PBXBuildFile section */

/* Begin PBXContainerItemProxy section */
		14BE67821C5C0FF800361A6D /* PBXContainerItemProxy */ = {
			isa = PBXContainerItemProxy;
			containerPortal = 14BE675C1C5C0FF700361A6D /* Project object */;
			proxyType = 1;
			remoteGlobalIDString = 14BE67631C5C0FF700361A6D;
			remoteInfo = "Flightsim Cardboard";
		};
		14BE678D1C5C0FF800361A6D /* PBXContainerItemProxy */ = {
			isa = PBXContainerItemProxy;
			containerPortal = 14BE675C1C5C0FF700361A6D /* Project object */;
			proxyType = 1;
			remoteGlobalIDString = 14BE67631C5C0FF700361A6D;
			remoteInfo = "Flightsim Cardboard";
		};
/* End PBXContainerItemProxy section */

/* Begin PBXFileReference section */
		14BE67641C5C0FF700361A6D /* Flightsim Cardboard.app */ = {isa = PBXFileReference; explicitFileType = wrapper.application; includeInIndex = 0; path = "Flightsim Cardboard.app"; sourceTree = BUILT_PRODUCTS_DIR; };
		14BE67681C5C0FF700361A6D /* main.m */ = {isa = PBXFileReference; lastKnownFileType = sourcecode.c.objc; path = main.m; sourceTree = "<group>"; };
		14BE676A1C5C0FF700361A6D /* AppDelegate.h */ = {isa = PBXFileReference; lastKnownFileType = sourcecode.c.h; path = AppDelegate.h; sourceTree = "<group>"; };
		14BE676B1C5C0FF700361A6D /* AppDelegate.m */ = {isa = PBXFileReference; lastKnownFileType = sourcecode.c.objc; path = AppDelegate.m; sourceTree = "<group>"; };
		14BE676D1C5C0FF700361A6D /* Shader.fsh */ = {isa = PBXFileReference; lastKnownFileType = sourcecode.glsl; name = Shader.fsh; path = Shaders/Shader.fsh; sourceTree = "<group>"; };
		14BE676F1C5C0FF700361A6D /* Shader.vsh */ = {isa = PBXFileReference; lastKnownFileType = sourcecode.glsl; name = Shader.vsh; path = Shaders/Shader.vsh; sourceTree = "<group>"; };
		14BE67711C5C0FF700361A6D /* GameViewController.h */ = {isa = PBXFileReference; lastKnownFileType = sourcecode.c.h; path = GameViewController.h; sourceTree = "<group>"; };
		14BE67721C5C0FF700361A6D /* GameViewController.m */ = {isa = PBXFileReference; lastKnownFileType = sourcecode.c.objc; path = GameViewController.m; sourceTree = "<group>"; };
		14BE67771C5C0FF700361A6D /* Assets.xcassets */ = {isa = PBXFileReference; lastKnownFileType = folder.assetcatalog; path = Assets.xcassets; sourceTree = "<group>"; };
		14BE677C1C5C0FF700361A6D /* Info.plist */ = {isa = PBXFileReference; lastKnownFileType = text.plist.xml; path = Info.plist; sourceTree = "<group>"; };
		14BE67811C5C0FF800361A6D /* Flightsim CardboardTests.xctest */ = {isa = PBXFileReference; explicitFileType = wrapper.cfbundle; includeInIndex = 0; path = "Flightsim CardboardTests.xctest"; sourceTree = BUILT_PRODUCTS_DIR; };
		14BE67851C5C0FF800361A6D /* Flightsim_CardboardTests.m */ = {isa = PBXFileReference; lastKnownFileType = sourcecode.c.objc; path = Flightsim_CardboardTests.m; sourceTree = "<group>"; };
		14BE67871C5C0FF800361A6D /* Info.plist */ = {isa = PBXFileReference; lastKnownFileType = text.plist.xml; path = Info.plist; sourceTree = "<group>"; };
		14BE678C1C5C0FF800361A6D /* Flightsim CardboardUITests.xctest */ = {isa = PBXFileReference; explicitFileType = wrapper.cfbundle; includeInIndex = 0; path = "Flightsim CardboardUITests.xctest"; sourceTree = BUILT_PRODUCTS_DIR; };
		14BE67901C5C0FF800361A6D /* Flightsim_CardboardUITests.m */ = {isa = PBXFileReference; lastKnownFileType = sourcecode.c.objc; path = Flightsim_CardboardUITests.m; sourceTree = "<group>"; };
		14BE67921C5C0FF800361A6D /* Info.plist */ = {isa = PBXFileReference; lastKnownFileType = text.plist.xml; path = Info.plist; sourceTree = "<group>"; };
		14BE67A01C5C169200361A6D /* LaunchScreen.storyboard */ = {isa = PBXFileReference; fileEncoding = 4; lastKnownFileType = file.storyboard; path = LaunchScreen.storyboard; sourceTree = "<group>"; };
		14DE94911C60307B0076DDBC /* CardboardSDK.h */ = {isa = PBXFileReference; fileEncoding = 4; lastKnownFileType = sourcecode.c.h; name = CardboardSDK.h; path = CardboardSDK/CardboardSDK.h; sourceTree = "<group>"; };
		14DE94921C60307B0076DDBC /* CBDStereoGLView.h */ = {isa = PBXFileReference; fileEncoding = 4; lastKnownFileType = sourcecode.c.h; name = CBDStereoGLView.h; path = CardboardSDK/CBDStereoGLView.h; sourceTree = "<group>"; };
		14DE94931C60307B0076DDBC /* CBDStereoGLView.m */ = {isa = PBXFileReference; fileEncoding = 4; lastKnownFileType = sourcecode.c.objc; name = CBDStereoGLView.m; path = CardboardSDK/CBDStereoGLView.m; sourceTree = "<group>"; };
		14DE94941C60307B0076DDBC /* CBDViewController.h */ = {isa = PBXFileReference; fileEncoding = 4; lastKnownFileType = sourcecode.c.h; name = CBDViewController.h; path = CardboardSDK/CBDViewController.h; sourceTree = "<group>"; };
		14DE94951C60307B0076DDBC /* CBDViewController.mm */ = {isa = PBXFileReference; fileEncoding = 4; lastKnownFileType = sourcecode.cpp.objcpp; name = CBDViewController.mm; path = CardboardSDK/CBDViewController.mm; sourceTree = "<group>"; };
		14DE949C1C603ED40076DDBC /* DebugUtils.h */ = {isa = PBXFileReference; fileEncoding = 4; lastKnownFileType = sourcecode.c.h; name = DebugUtils.h; path = CardboardSDK/Misc/DebugUtils.h; sourceTree = "<group>"; };
		14DE949D1C603ED40076DDBC /* GLHelpers.h */ = {isa = PBXFileReference; fileEncoding = 4; lastKnownFileType = sourcecode.c.h; name = GLHelpers.h; path = CardboardSDK/Misc/GLHelpers.h; sourceTree = "<group>"; };
		14DE949E1C603ED40076DDBC /* GLHelpers.m */ = {isa = PBXFileReference; fileEncoding = 4; lastKnownFileType = sourcecode.c.objc; name = GLHelpers.m; path = CardboardSDK/Misc/GLHelpers.m; sourceTree = "<group>"; };
		14DE94A11C603EEB0076DDBC /* CardboardDeviceParams.h */ = {isa = PBXFileReference; fileEncoding = 4; lastKnownFileType = sourcecode.c.h; name = CardboardDeviceParams.h; path = CardboardSDK/Cardboard/CardboardDeviceParams.h; sourceTree = "<group>"; };
		14DE94A21C603EEB0076DDBC /* CardboardDeviceParams.mm */ = {isa = PBXFileReference; fileEncoding = 4; lastKnownFileType = sourcecode.cpp.objcpp; name = CardboardDeviceParams.mm; path = CardboardSDK/Cardboard/CardboardDeviceParams.mm; sourceTree = "<group>"; };
		14DE94A31C603EEB0076DDBC /* CardboardUnity.h */ = {isa = PBXFileReference; fileEncoding = 4; lastKnownFileType = sourcecode.c.h; name = CardboardUnity.h; path = CardboardSDK/Cardboard/CardboardUnity.h; sourceTree = "<group>"; };
		14DE94A41C603EEB0076DDBC /* CardboardUnity.mm */ = {isa = PBXFileReference; fileEncoding = 4; lastKnownFileType = sourcecode.cpp.objcpp; name = CardboardUnity.mm; path = CardboardSDK/Cardboard/CardboardUnity.mm; sourceTree = "<group>"; };
		14DE94A51C603EEB0076DDBC /* Distortion.h */ = {isa = PBXFileReference; fileEncoding = 4; lastKnownFileType = sourcecode.c.h; name = Distortion.h; path = CardboardSDK/Cardboard/Distortion.h; sourceTree = "<group>"; };
		14DE94A61C603EEB0076DDBC /* Distortion.mm */ = {isa = PBXFileReference; fileEncoding = 4; lastKnownFileType = sourcecode.cpp.objcpp; name = Distortion.mm; path = CardboardSDK/Cardboard/Distortion.mm; sourceTree = "<group>"; };
		14DE94A71C603EEB0076DDBC /* DistortionRenderer.h */ = {isa = PBXFileReference; fileEncoding = 4; lastKnownFileType = sourcecode.c.h; name = DistortionRenderer.h; path = CardboardSDK/Cardboard/DistortionRenderer.h; sourceTree = "<group>"; };
		14DE94A81C603EEB0076DDBC /* DistortionRenderer.mm */ = {isa = PBXFileReference; fileEncoding = 4; lastKnownFileType = sourcecode.cpp.objcpp; name = DistortionRenderer.mm; path = CardboardSDK/Cardboard/DistortionRenderer.mm; sourceTree = "<group>"; };
		14DE94A91C603EEB0076DDBC /* Eye.h */ = {isa = PBXFileReference; fileEncoding = 4; lastKnownFileType = sourcecode.c.h; name = Eye.h; path = CardboardSDK/Cardboard/Eye.h; sourceTree = "<group>"; };
		14DE94AA1C603EEB0076DDBC /* Eye.mm */ = {isa = PBXFileReference; fileEncoding = 4; lastKnownFileType = sourcecode.cpp.objcpp; name = Eye.mm; path = CardboardSDK/Cardboard/Eye.mm; sourceTree = "<group>"; };
		14DE94AB1C603EEB0076DDBC /* FieldOfView.h */ = {isa = PBXFileReference; fileEncoding = 4; lastKnownFileType = sourcecode.c.h; name = FieldOfView.h; path = CardboardSDK/Cardboard/FieldOfView.h; sourceTree = "<group>"; };
		14DE94AC1C603EEB0076DDBC /* FieldOfView.mm */ = {isa = PBXFileReference; fileEncoding = 4; lastKnownFileType = sourcecode.cpp.objcpp; name = FieldOfView.mm; path = CardboardSDK/Cardboard/FieldOfView.mm; sourceTree = "<group>"; };
		14DE94AD1C603EEB0076DDBC /* GLStateBackup.h */ = {isa = PBXFileReference; fileEncoding = 4; lastKnownFileType = sourcecode.c.h; name = GLStateBackup.h; path = CardboardSDK/Cardboard/GLStateBackup.h; sourceTree = "<group>"; };
		14DE94AE1C603EEB0076DDBC /* GLStateBackup.mm */ = {isa = PBXFileReference; fileEncoding = 4; lastKnownFileType = sourcecode.cpp.objcpp; name = GLStateBackup.mm; path = CardboardSDK/Cardboard/GLStateBackup.mm; sourceTree = "<group>"; };
		14DE94AF1C603EEB0076DDBC /* HeadMountedDisplay.h */ = {isa = PBXFileReference; fileEncoding = 4; lastKnownFileType = sourcecode.c.h; name = HeadMountedDisplay.h; path = CardboardSDK/Cardboard/HeadMountedDisplay.h; sourceTree = "<group>"; };
		14DE94B01C603EEB0076DDBC /* HeadMountedDisplay.mm */ = {isa = PBXFileReference; fileEncoding = 4; lastKnownFileType = sourcecode.cpp.objcpp; name = HeadMountedDisplay.mm; path = CardboardSDK/Cardboard/HeadMountedDisplay.mm; sourceTree = "<group>"; };
		14DE94B11C603EEB0076DDBC /* HeadTransform.h */ = {isa = PBXFileReference; fileEncoding = 4; lastKnownFileType = sourcecode.c.h; name = HeadTransform.h; path = CardboardSDK/Cardboard/HeadTransform.h; sourceTree = "<group>"; };
		14DE94B21C603EEB0076DDBC /* HeadTransform.mm */ = {isa = PBXFileReference; fileEncoding = 4; lastKnownFileType = sourcecode.cpp.objcpp; name = HeadTransform.mm; path = CardboardSDK/Cardboard/HeadTransform.mm; sourceTree = "<group>"; };
		14DE94B31C603EEB0076DDBC /* ScreenParams.h */ = {isa = PBXFileReference; fileEncoding = 4; lastKnownFileType = sourcecode.c.h; name = ScreenParams.h; path = CardboardSDK/Cardboard/ScreenParams.h; sourceTree = "<group>"; };
		14DE94B41C603EEB0076DDBC /* ScreenParams.mm */ = {isa = PBXFileReference; fileEncoding = 4; lastKnownFileType = sourcecode.cpp.objcpp; name = ScreenParams.mm; path = CardboardSDK/Cardboard/ScreenParams.mm; sourceTree = "<group>"; };
		14DE94B61C603EEB0076DDBC /* Viewport.h */ = {isa = PBXFileReference; fileEncoding = 4; lastKnownFileType = sourcecode.c.h; name = Viewport.h; path = CardboardSDK/Cardboard/Viewport.h; sourceTree = "<group>"; };
		14DE94B71C603EEB0076DDBC /* Viewport.mm */ = {isa = PBXFileReference; fileEncoding = 4; lastKnownFileType = sourcecode.cpp.objcpp; name = Viewport.mm; path = CardboardSDK/Cardboard/Viewport.mm; sourceTree = "<group>"; };
		14DE94C51C603EFA0076DDBC /* HeadTracker.h */ = {isa = PBXFileReference; fileEncoding = 4; lastKnownFileType = sourcecode.c.h; name = HeadTracker.h; path = CardboardSDK/Cardboard/Sensors/HeadTracker.h; sourceTree = "<group>"; };
		14DE94C61C603EFA0076DDBC /* HeadTracker.mm */ = {isa = PBXFileReference; fileEncoding = 4; lastKnownFileType = sourcecode.cpp.objcpp; name = HeadTracker.mm; path = CardboardSDK/Cardboard/Sensors/HeadTracker.mm; sourceTree = "<group>"; };
		14DE94C81C603EFA0076DDBC /* MagnetSensor.h */ = {isa = PBXFileReference; fileEncoding = 4; lastKnownFileType = sourcecode.c.h; name = MagnetSensor.h; path = CardboardSDK/Cardboard/Sensors/MagnetSensor.h; sourceTree = "<group>"; };
		14DE94C91C603EFA0076DDBC /* MagnetSensor.mm */ = {isa = PBXFileReference; fileEncoding = 4; lastKnownFileType = sourcecode.cpp.objcpp; name = MagnetSensor.mm; path = CardboardSDK/Cardboard/Sensors/MagnetSensor.mm; sourceTree = "<group>"; };
		14DE94CE1C603F120076DDBC /* Matrix3x3d.h */ = {isa = PBXFileReference; fileEncoding = 4; lastKnownFileType = sourcecode.c.h; name = Matrix3x3d.h; path = CardboardSDK/Cardboard/Sensors/Internal/Matrix3x3d.h; sourceTree = "<group>"; };
		14DE94CF1C603F120076DDBC /* Matrix3x3d.mm */ = {isa = PBXFileReference; fileEncoding = 4; lastKnownFileType = sourcecode.cpp.objcpp; name = Matrix3x3d.mm; path = CardboardSDK/Cardboard/Sensors/Internal/Matrix3x3d.mm; sourceTree = "<group>"; };
		14DE94D01C603F120076DDBC /* OrientationEKF.h */ = {isa = PBXFileReference; fileEncoding = 4; lastKnownFileType = sourcecode.c.h; name = OrientationEKF.h; path = CardboardSDK/Cardboard/Sensors/Internal/OrientationEKF.h; sourceTree = "<group>"; };
		14DE94D11C603F120076DDBC /* OrientationEKF.mm */ = {isa = PBXFileReference; fileEncoding = 4; lastKnownFileType = sourcecode.cpp.objcpp; name = OrientationEKF.mm; path = CardboardSDK/Cardboard/Sensors/Internal/OrientationEKF.mm; sourceTree = "<group>"; };
		14DE94D21C603F120076DDBC /* SO3Util.h */ = {isa = PBXFileReference; fileEncoding = 4; lastKnownFileType = sourcecode.c.h; name = SO3Util.h; path = CardboardSDK/Cardboard/Sensors/Internal/SO3Util.h; sourceTree = "<group>"; };
		14DE94D31C603F120076DDBC /* SO3Util.mm */ = {isa = PBXFileReference; fileEncoding = 4; lastKnownFileType = sourcecode.cpp.objcpp; name = SO3Util.mm; path = CardboardSDK/Cardboard/Sensors/Internal/SO3Util.mm; sourceTree = "<group>"; };
		14DE94D41C603F120076DDBC /* Vector3d.h */ = {isa = PBXFileReference; fileEncoding = 4; lastKnownFileType = sourcecode.c.h; name = Vector3d.h; path = CardboardSDK/Cardboard/Sensors/Internal/Vector3d.h; sourceTree = "<group>"; };
		14DE94D51C603F120076DDBC /* Vector3d.mm */ = {isa = PBXFileReference; fileEncoding = 4; lastKnownFileType = sourcecode.cpp.objcpp; name = Vector3d.mm; path = CardboardSDK/Cardboard/Sensors/Internal/Vector3d.mm; sourceTree = "<group>"; };
		14DE94DA1C618AEC0076DDBC /* CoreMotion.framework */ = {isa = PBXFileReference; lastKnownFileType = wrapper.framework; name = CoreMotion.framework; path = System/Library/Frameworks/CoreMotion.framework; sourceTree = SDKROOT; };
/* End PBXFileReference section */

/* Begin PBXFrameworksBuildPhase section */
		14BE67611C5C0FF700361A6D /* Frameworks */ = {
			isa = PBXFrameworksBuildPhase;
			buildActionMask = 2147483647;
			files = (
				14DE94DB1C618AEC0076DDBC /* CoreMotion.framework in Frameworks */,
			);
			runOnlyForDeploymentPostprocessing = 0;
		};
		14BE677E1C5C0FF800361A6D /* Frameworks */ = {
			isa = PBXFrameworksBuildPhase;
			buildActionMask = 2147483647;
			files = (
			);
			runOnlyForDeploymentPostprocessing = 0;
		};
		14BE67891C5C0FF800361A6D /* Frameworks */ = {
			isa = PBXFrameworksBuildPhase;
			buildActionMask = 2147483647;
			files = (
			);
			runOnlyForDeploymentPostprocessing = 0;
		};
/* End PBXFrameworksBuildPhase section */

/* Begin PBXGroup section */
		14BE675B1C5C0FF700361A6D = {
			isa = PBXGroup;
			children = (
				14DE94DC1C618B110076DDBC /* Frameworks */,
				14DE948F1C6030680076DDBC /* CardboardSDK */,
				14BE67661C5C0FF700361A6D /* Flightsim Cardboard */,
				14BE67841C5C0FF800361A6D /* Flightsim CardboardTests */,
				14BE678F1C5C0FF800361A6D /* Flightsim CardboardUITests */,
				14BE67651C5C0FF700361A6D /* Products */,
			);
			sourceTree = "<group>";
		};
		14BE67651C5C0FF700361A6D /* Products */ = {
			isa = PBXGroup;
			children = (
				14BE67641C5C0FF700361A6D /* Flightsim Cardboard.app */,
				14BE67811C5C0FF800361A6D /* Flightsim CardboardTests.xctest */,
				14BE678C1C5C0FF800361A6D /* Flightsim CardboardUITests.xctest */,
			);
			name = Products;
			sourceTree = "<group>";
		};
		14BE67661C5C0FF700361A6D /* Flightsim Cardboard */ = {
			isa = PBXGroup;
			children = (
				14BE676A1C5C0FF700361A6D /* AppDelegate.h */,
				14BE676B1C5C0FF700361A6D /* AppDelegate.m */,
				14BE676D1C5C0FF700361A6D /* Shader.fsh */,
				14BE676F1C5C0FF700361A6D /* Shader.vsh */,
				14BE67711C5C0FF700361A6D /* GameViewController.h */,
				14BE67721C5C0FF700361A6D /* GameViewController.m */,
				14BE67771C5C0FF700361A6D /* Assets.xcassets */,
				14BE67671C5C0FF700361A6D /* Supporting Files */,
			);
			path = "Flightsim Cardboard";
			sourceTree = "<group>";
		};
		14BE67671C5C0FF700361A6D /* Supporting Files */ = {
			isa = PBXGroup;
			children = (
				14BE677C1C5C0FF700361A6D /* Info.plist */,
				14BE67681C5C0FF700361A6D /* main.m */,
				14BE67A01C5C169200361A6D /* LaunchScreen.storyboard */,
			);
			name = "Supporting Files";
			sourceTree = "<group>";
		};
		14BE67841C5C0FF800361A6D /* Flightsim CardboardTests */ = {
			isa = PBXGroup;
			children = (
				14BE67851C5C0FF800361A6D /* Flightsim_CardboardTests.m */,
				14BE67871C5C0FF800361A6D /* Info.plist */,
			);
			path = "Flightsim CardboardTests";
			sourceTree = "<group>";
		};
		14BE678F1C5C0FF800361A6D /* Flightsim CardboardUITests */ = {
			isa = PBXGroup;
			children = (
				14BE67901C5C0FF800361A6D /* Flightsim_CardboardUITests.m */,
				14BE67921C5C0FF800361A6D /* Info.plist */,
			);
			path = "Flightsim CardboardUITests";
			sourceTree = "<group>";
		};
		14DE948F1C6030680076DDBC /* CardboardSDK */ = {
			isa = PBXGroup;
			children = (
				14DE94A01C603EDE0076DDBC /* Cardboard */,
				14DE949B1C603ECB0076DDBC /* Misc */,
				14DE94911C60307B0076DDBC /* CardboardSDK.h */,
				14DE94921C60307B0076DDBC /* CBDStereoGLView.h */,
				14DE94931C60307B0076DDBC /* CBDStereoGLView.m */,
				14DE94941C60307B0076DDBC /* CBDViewController.h */,
				14DE94951C60307B0076DDBC /* CBDViewController.mm */,
			);
			name = CardboardSDK;
			sourceTree = "<group>";
		};
		14DE949B1C603ECB0076DDBC /* Misc */ = {
			isa = PBXGroup;
			children = (
				14DE949C1C603ED40076DDBC /* DebugUtils.h */,
				14DE949D1C603ED40076DDBC /* GLHelpers.h */,
				14DE949E1C603ED40076DDBC /* GLHelpers.m */,
			);
			name = Misc;
			sourceTree = "<group>";
		};
		14DE94A01C603EDE0076DDBC /* Cardboard */ = {
			isa = PBXGroup;
			children = (
				14DE94C41C603EF30076DDBC /* Sensors */,
				14DE94A11C603EEB0076DDBC /* CardboardDeviceParams.h */,
				14DE94A21C603EEB0076DDBC /* CardboardDeviceParams.mm */,
				14DE94A31C603EEB0076DDBC /* CardboardUnity.h */,
				14DE94A41C603EEB0076DDBC /* CardboardUnity.mm */,
				14DE94A51C603EEB0076DDBC /* Distortion.h */,
				14DE94A61C603EEB0076DDBC /* Distortion.mm */,
				14DE94A71C603EEB0076DDBC /* DistortionRenderer.h */,
				14DE94A81C603EEB0076DDBC /* DistortionRenderer.mm */,
				14DE94A91C603EEB0076DDBC /* Eye.h */,
				14DE94AA1C603EEB0076DDBC /* Eye.mm */,
				14DE94AB1C603EEB0076DDBC /* FieldOfView.h */,
				14DE94AC1C603EEB0076DDBC /* FieldOfView.mm */,
				14DE94AD1C603EEB0076DDBC /* GLStateBackup.h */,
				14DE94AE1C603EEB0076DDBC /* GLStateBackup.mm */,
				14DE94AF1C603EEB0076DDBC /* HeadMountedDisplay.h */,
				14DE94B01C603EEB0076DDBC /* HeadMountedDisplay.mm */,
				14DE94B11C603EEB0076DDBC /* HeadTransform.h */,
				14DE94B21C603EEB0076DDBC /* HeadTransform.mm */,
				14DE94B31C603EEB0076DDBC /* ScreenParams.h */,
				14DE94B41C603EEB0076DDBC /* ScreenParams.mm */,
				14DE94B61C603EEB0076DDBC /* Viewport.h */,
				14DE94B71C603EEB0076DDBC /* Viewport.mm */,
			);
			name = Cardboard;
			sourceTree = "<group>";
		};
		14DE94C41C603EF30076DDBC /* Sensors */ = {
			isa = PBXGroup;
			children = (
				14DE94CD1C603F090076DDBC /* Internal */,
				14DE94C51C603EFA0076DDBC /* HeadTracker.h */,
				14DE94C61C603EFA0076DDBC /* HeadTracker.mm */,
				14DE94C81C603EFA0076DDBC /* MagnetSensor.h */,
				14DE94C91C603EFA0076DDBC /* MagnetSensor.mm */,
			);
			name = Sensors;
			sourceTree = "<group>";
		};
		14DE94CD1C603F090076DDBC /* Internal */ = {
			isa = PBXGroup;
			children = (
				14DE94CE1C603F120076DDBC /* Matrix3x3d.h */,
				14DE94CF1C603F120076DDBC /* Matrix3x3d.mm */,
				14DE94D01C603F120076DDBC /* OrientationEKF.h */,
				14DE94D11C603F120076DDBC /* OrientationEKF.mm */,
				14DE94D21C603F120076DDBC /* SO3Util.h */,
				14DE94D31C603F120076DDBC /* SO3Util.mm */,
				14DE94D41C603F120076DDBC /* Vector3d.h */,
				14DE94D51C603F120076DDBC /* Vector3d.mm */,
			);
			name = Internal;
			sourceTree = "<group>";
		};
		14DE94DC1C618B110076DDBC /* Frameworks */ = {
			isa = PBXGroup;
			children = (
				14DE94DA1C618AEC0076DDBC /* CoreMotion.framework */,
			);
			name = Frameworks;
			sourceTree = "<group>";
		};
/* End PBXGroup section */

/* Begin PBXNativeTarget section */
		14BE67631C5C0FF700361A6D /* Flightsim Cardboard */ = {
			isa = PBXNativeTarget;
			buildConfigurationList = 14BE67951C5C0FF800361A6D /* Build configuration list for PBXNativeTarget "Flightsim Cardboard" */;
			buildPhases = (
				14BE67601C5C0FF700361A6D /* Sources */,
				14BE67611C5C0FF700361A6D /* Frameworks */,
				14BE67621C5C0FF700361A6D /* Resources */,
			);
			buildRules = (
			);
			dependencies = (
			);
			name = "Flightsim Cardboard";
			productName = "Flightsim Cardboard";
			productReference = 14BE67641C5C0FF700361A6D /* Flightsim Cardboard.app */;
			productType = "com.apple.product-type.application";
		};
		14BE67801C5C0FF800361A6D /* Flightsim CardboardTests */ = {
			isa = PBXNativeTarget;
			buildConfigurationList = 14BE67981C5C0FF800361A6D /* Build configuration list for PBXNativeTarget "Flightsim CardboardTests" */;
			buildPhases = (
				14BE677D1C5C0FF800361A6D /* Sources */,
				14BE677E1C5C0FF800361A6D /* Frameworks */,
				14BE677F1C5C0FF800361A6D /* Resources */,
			);
			buildRules = (
			);
			dependencies = (
				14BE67831C5C0FF800361A6D /* PBXTargetDependency */,
			);
			name = "Flightsim CardboardTests";
			productName = "Flightsim CardboardTests";
			productReference = 14BE67811C5C0FF800361A6D /* Flightsim CardboardTests.xctest */;
			productType = "com.apple.product-type.bundle.unit-test";
		};
		14BE678B1C5C0FF800361A6D /* Flightsim CardboardUITests */ = {
			isa = PBXNativeTarget;
			buildConfigurationList = 14BE679B1C5C0FF800361A6D /* Build configuration list for PBXNativeTarget "Flightsim CardboardUITests" */;
			buildPhases = (
				14BE67881C5C0FF800361A6D /* Sources */,
				14BE67891C5C0FF800361A6D /* Frameworks */,
				14BE678A1C5C0FF800361A6D /* Resources */,
			);
			buildRules = (
			);
			dependencies = (
				14BE678E1C5C0FF800361A6D /* PBXTargetDependency */,
			);
			name = "Flightsim CardboardUITests";
			productName = "Flightsim CardboardUITests";
			productReference = 14BE678C1C5C0FF800361A6D /* Flightsim CardboardUITests.xctest */;
			productType = "com.apple.product-type.bundle.ui-testing";
		};
/* End PBXNativeTarget section */

/* Begin PBXProject section */
		14BE675C1C5C0FF700361A6D /* Project object */ = {
			isa = PBXProject;
			attributes = {
				LastUpgradeCheck = 0730;
				ORGANIZATIONNAME = "Sean Purcell";
				TargetAttributes = {
					14BE67631C5C0FF700361A6D = {
						CreatedOnToolsVersion = 7.3;
						DevelopmentTeam = RH2JZ65YNT;
					};
					14BE67801C5C0FF800361A6D = {
						CreatedOnToolsVersion = 7.3;
						DevelopmentTeam = RH2JZ65YNT;
						TestTargetID = 14BE67631C5C0FF700361A6D;
					};
					14BE678B1C5C0FF800361A6D = {
						CreatedOnToolsVersion = 7.3;
						DevelopmentTeam = RH2JZ65YNT;
						TestTargetID = 14BE67631C5C0FF700361A6D;
					};
				};
			};
			buildConfigurationList = 14BE675F1C5C0FF700361A6D /* Build configuration list for PBXProject "Flightsim Cardboard" */;
			compatibilityVersion = "Xcode 3.2";
			developmentRegion = English;
			hasScannedForEncodings = 0;
			knownRegions = (
				en,
				Base,
			);
			mainGroup = 14BE675B1C5C0FF700361A6D;
			productRefGroup = 14BE67651C5C0FF700361A6D /* Products */;
			projectDirPath = "";
			projectRoot = "";
			targets = (
				14BE67631C5C0FF700361A6D /* Flightsim Cardboard */,
				14BE67801C5C0FF800361A6D /* Flightsim CardboardTests */,
				14BE678B1C5C0FF800361A6D /* Flightsim CardboardUITests */,
			);
		};
/* End PBXProject section */

/* Begin PBXResourcesBuildPhase section */
		14BE67621C5C0FF700361A6D /* Resources */ = {
			isa = PBXResourcesBuildPhase;
			buildActionMask = 2147483647;
			files = (
				14BE67701C5C0FF700361A6D /* Shader.vsh in Resources */,
				14BE67A11C5C169200361A6D /* LaunchScreen.storyboard in Resources */,
				14BE67781C5C0FF700361A6D /* Assets.xcassets in Resources */,
				14BE676E1C5C0FF700361A6D /* Shader.fsh in Resources */,
			);
			runOnlyForDeploymentPostprocessing = 0;
		};
		14BE677F1C5C0FF800361A6D /* Resources */ = {
			isa = PBXResourcesBuildPhase;
			buildActionMask = 2147483647;
			files = (
			);
			runOnlyForDeploymentPostprocessing = 0;
		};
		14BE678A1C5C0FF800361A6D /* Resources */ = {
			isa = PBXResourcesBuildPhase;
			buildActionMask = 2147483647;
			files = (
			);
			runOnlyForDeploymentPostprocessing = 0;
		};
/* End PBXResourcesBuildPhase section */

/* Begin PBXSourcesBuildPhase section */
		14BE67601C5C0FF700361A6D /* Sources */ = {
			isa = PBXSourcesBuildPhase;
			buildActionMask = 2147483647;
			files = (
				14DE94D61C603F120076DDBC /* Matrix3x3d.mm in Sources */,
				14DE94CA1C603EFA0076DDBC /* HeadTracker.mm in Sources */,
				14BE676C1C5C0FF700361A6D /* AppDelegate.m in Sources */,
				14DE94BF1C603EEB0076DDBC /* HeadMountedDisplay.mm in Sources */,
				14DE94BB1C603EEB0076DDBC /* DistortionRenderer.mm in Sources */,
				14DE94981C60307B0076DDBC /* CBDStereoGLView.m in Sources */,
				14DE94991C60307B0076DDBC /* CBDViewController.mm in Sources */,
				14DE94BC1C603EEB0076DDBC /* Eye.mm in Sources */,
				14DE94BA1C603EEB0076DDBC /* Distortion.mm in Sources */,
				14DE94D81C603F120076DDBC /* SO3Util.mm in Sources */,
				14DE94BE1C603EEB0076DDBC /* GLStateBackup.mm in Sources */,
				14DE94D91C603F120076DDBC /* Vector3d.mm in Sources */,
				14DE94D71C603F120076DDBC /* OrientationEKF.mm in Sources */,
				14BE67731C5C0FF700361A6D /* GameViewController.m in Sources */,
				14DE94B91C603EEB0076DDBC /* CardboardUnity.mm in Sources */,
				14DE94B81C603EEB0076DDBC /* CardboardDeviceParams.mm in Sources */,
				14DE94C11C603EEB0076DDBC /* ScreenParams.mm in Sources */,
				14DE949F1C603ED40076DDBC /* GLHelpers.m in Sources */,
				14DE94BD1C603EEB0076DDBC /* FieldOfView.mm in Sources */,
				14DE94C31C603EEB0076DDBC /* Viewport.mm in Sources */,
				14DE94CC1C603EFA0076DDBC /* MagnetSensor.mm in Sources */,
				14BE67691C5C0FF700361A6D /* main.m in Sources */,
				14DE94C01C603EEB0076DDBC /* HeadTransform.mm in Sources */,
			);
			runOnlyForDeploymentPostprocessing = 0;
		};
		14BE677D1C5C0FF800361A6D /* Sources */ = {
			isa = PBXSourcesBuildPhase;
			buildActionMask = 2147483647;
			files = (
				14BE67861C5C0FF800361A6D /* Flightsim_CardboardTests.m in Sources */,
			);
			runOnlyForDeploymentPostprocessing = 0;
		};
		14BE67881C5C0FF800361A6D /* Sources */ = {
			isa = PBXSourcesBuildPhase;
			buildActionMask = 2147483647;
			files = (
				14BE67911C5C0FF800361A6D /* Flightsim_CardboardUITests.m in Sources */,
			);
			runOnlyForDeploymentPostprocessing = 0;
		};
/* End PBXSourcesBuildPhase section */

/* Begin PBXTargetDependency section */
		14BE67831C5C0FF800361A6D /* PBXTargetDependency */ = {
			isa = PBXTargetDependency;
			target = 14BE67631C5C0FF700361A6D /* Flightsim Cardboard */;
			targetProxy = 14BE67821C5C0FF800361A6D /* PBXContainerItemProxy */;
		};
		14BE678E1C5C0FF800361A6D /* PBXTargetDependency */ = {
			isa = PBXTargetDependency;
			target = 14BE67631C5C0FF700361A6D /* Flightsim Cardboard */;
			targetProxy = 14BE678D1C5C0FF800361A6D /* PBXContainerItemProxy */;
		};
/* End PBXTargetDependency section */

/* Begin XCBuildConfiguration section */
		14BE67931C5C0FF800361A6D /* Debug */ = {
			isa = XCBuildConfiguration;
			buildSettings = {
				ALWAYS_SEARCH_USER_PATHS = YES;
				CLANG_CXX_LANGUAGE_STANDARD = "gnu++0x";
				CLANG_CXX_LIBRARY = "libc++";
				CLANG_ENABLE_MODULES = YES;
				CLANG_ENABLE_OBJC_ARC = YES;
				CLANG_WARN_BOOL_CONVERSION = YES;
				CLANG_WARN_CONSTANT_CONVERSION = YES;
				CLANG_WARN_DIRECT_OBJC_ISA_USAGE = YES_ERROR;
				CLANG_WARN_EMPTY_BODY = YES;
				CLANG_WARN_ENUM_CONVERSION = YES;
				CLANG_WARN_INT_CONVERSION = YES;
				CLANG_WARN_OBJC_ROOT_CLASS = YES_ERROR;
				CLANG_WARN_UNREACHABLE_CODE = YES;
				CLANG_WARN__DUPLICATE_METHOD_MATCH = YES;
				"CODE_SIGN_IDENTITY[sdk=iphoneos*]" = "iPhone Developer";
				COPY_PHASE_STRIP = NO;
				DEBUG_INFORMATION_FORMAT = "dwarf-with-dsym";
				ENABLE_STRICT_OBJC_MSGSEND = YES;
				ENABLE_TESTABILITY = YES;
				GCC_C_LANGUAGE_STANDARD = gnu99;
				GCC_DYNAMIC_NO_PIC = NO;
				GCC_NO_COMMON_BLOCKS = YES;
				GCC_OPTIMIZATION_LEVEL = 0;
				GCC_PREPROCESSOR_DEFINITIONS = (
					"DEBUG=1",
					"$(inherited)",
				);
				GCC_WARN_64_TO_32_BIT_CONVERSION = YES;
				GCC_WARN_ABOUT_RETURN_TYPE = YES_ERROR;
				GCC_WARN_UNDECLARED_SELECTOR = YES;
				GCC_WARN_UNINITIALIZED_AUTOS = YES_AGGRESSIVE;
				GCC_WARN_UNUSED_FUNCTION = YES;
				GCC_WARN_UNUSED_VARIABLE = YES;
				IPHONEOS_DEPLOYMENT_TARGET = 9.3;
				MTL_ENABLE_DEBUG_INFO = YES;
				ONLY_ACTIVE_ARCH = YES;
				SDKROOT = iphoneos;
			};
			name = Debug;
		};
		14BE67941C5C0FF800361A6D /* Release */ = {
			isa = XCBuildConfiguration;
			buildSettings = {
				ALWAYS_SEARCH_USER_PATHS = YES;
				CLANG_CXX_LANGUAGE_STANDARD = "gnu++0x";
				CLANG_CXX_LIBRARY = "libc++";
				CLANG_ENABLE_MODULES = YES;
				CLANG_ENABLE_OBJC_ARC = YES;
				CLANG_WARN_BOOL_CONVERSION = YES;
				CLANG_WARN_CONSTANT_CONVERSION = YES;
				CLANG_WARN_DIRECT_OBJC_ISA_USAGE = YES_ERROR;
				CLANG_WARN_EMPTY_BODY = YES;
				CLANG_WARN_ENUM_CONVERSION = YES;
				CLANG_WARN_INT_CONVERSION = YES;
				CLANG_WARN_OBJC_ROOT_CLASS = YES_ERROR;
				CLANG_WARN_UNREACHABLE_CODE = YES;
				CLANG_WARN__DUPLICATE_METHOD_MATCH = YES;
				CODE_SIGN_IDENTITY = "";
				"CODE_SIGN_IDENTITY[sdk=iphoneos*]" = "iPhone Developer";
				COPY_PHASE_STRIP = NO;
				DEBUG_INFORMATION_FORMAT = "dwarf-with-dsym";
				ENABLE_NS_ASSERTIONS = NO;
				ENABLE_STRICT_OBJC_MSGSEND = YES;
				GCC_C_LANGUAGE_STANDARD = gnu99;
				GCC_NO_COMMON_BLOCKS = YES;
				GCC_WARN_64_TO_32_BIT_CONVERSION = YES;
				GCC_WARN_ABOUT_RETURN_TYPE = YES_ERROR;
				GCC_WARN_UNDECLARED_SELECTOR = YES;
				GCC_WARN_UNINITIALIZED_AUTOS = YES_AGGRESSIVE;
				GCC_WARN_UNUSED_FUNCTION = YES;
				GCC_WARN_UNUSED_VARIABLE = YES;
				IPHONEOS_DEPLOYMENT_TARGET = 9.3;
				MTL_ENABLE_DEBUG_INFO = NO;
				SDKROOT = iphoneos;
				VALIDATE_PRODUCT = YES;
			};
			name = Release;
		};
		14BE67961C5C0FF800361A6D /* Debug */ = {
			isa = XCBuildConfiguration;
			buildSettings = {
				ASSETCATALOG_COMPILER_APPICON_NAME = AppIcon;
				CODE_SIGN_IDENTITY = "iPhone Developer";
				"CODE_SIGN_IDENTITY[sdk=iphoneos*]" = "iPhone Developer";
				INFOPLIST_FILE = "Flightsim Cardboard/Info.plist";
				IPHONEOS_DEPLOYMENT_TARGET = 8.0;
				LD_RUNPATH_SEARCH_PATHS = "$(inherited) @executable_path/Frameworks";
				PRODUCT_BUNDLE_IDENTIFIER = "xyz.seanp.Flightsim-Cardboard";
				PRODUCT_NAME = "$(TARGET_NAME)";
				PROVISIONING_PROFILE = "";
			};
			name = Debug;
		};
		14BE67971C5C0FF800361A6D /* Release */ = {
			isa = XCBuildConfiguration;
			buildSettings = {
				ASSETCATALOG_COMPILER_APPICON_NAME = AppIcon;
				CODE_SIGN_IDENTITY = "iPhone Developer";
				"CODE_SIGN_IDENTITY[sdk=iphoneos*]" = "iPhone Developer";
				INFOPLIST_FILE = "Flightsim Cardboard/Info.plist";
				IPHONEOS_DEPLOYMENT_TARGET = 8.0;
				LD_RUNPATH_SEARCH_PATHS = "$(inherited) @executable_path/Frameworks";
				PRODUCT_BUNDLE_IDENTIFIER = "xyz.seanp.Flightsim-Cardboard";
				PRODUCT_NAME = "$(TARGET_NAME)";
				PROVISIONING_PROFILE = "";
			};
			name = Release;
		};
		14BE67991C5C0FF800361A6D /* Debug */ = {
			isa = XCBuildConfiguration;
			buildSettings = {
				BUNDLE_LOADER = "$(TEST_HOST)";
				DEBUG_INFORMATION_FORMAT = dwarf;
				INFOPLIST_FILE = "Flightsim CardboardTests/Info.plist";
				LD_RUNPATH_SEARCH_PATHS = "$(inherited) @executable_path/Frameworks @loader_path/Frameworks";
				PRODUCT_BUNDLE_IDENTIFIER = "xyz.seanp.Flightsim-CardboardTests";
				PRODUCT_NAME = "$(TARGET_NAME)";
				TEST_HOST = "$(BUILT_PRODUCTS_DIR)/Flightsim Cardboard.app/Flightsim Cardboard";
			};
			name = Debug;
		};
		14BE679A1C5C0FF800361A6D /* Release */ = {
			isa = XCBuildConfiguration;
			buildSettings = {
				BUNDLE_LOADER = "$(TEST_HOST)";
				INFOPLIST_FILE = "Flightsim CardboardTests/Info.plist";
				LD_RUNPATH_SEARCH_PATHS = "$(inherited) @executable_path/Frameworks @loader_path/Frameworks";
				PRODUCT_BUNDLE_IDENTIFIER = "xyz.seanp.Flightsim-CardboardTests";
				PRODUCT_NAME = "$(TARGET_NAME)";
				TEST_HOST = "$(BUILT_PRODUCTS_DIR)/Flightsim Cardboard.app/Flightsim Cardboard";
			};
			name = Release;
		};
		14BE679C1C5C0FF800361A6D /* Debug */ = {
			isa = XCBuildConfiguration;
			buildSettings = {
				DEBUG_INFORMATION_FORMAT = dwarf;
				INFOPLIST_FILE = "Flightsim CardboardUITests/Info.plist";
				LD_RUNPATH_SEARCH_PATHS = "$(inherited) @executable_path/Frameworks @loader_path/Frameworks";
				PRODUCT_BUNDLE_IDENTIFIER = "xyz.seanp.Flightsim-CardboardUITests";
				PRODUCT_NAME = "$(TARGET_NAME)";
				TEST_TARGET_NAME = "Flightsim Cardboard";
			};
			name = Debug;
		};
		14BE679D1C5C0FF800361A6D /* Release */ = {
			isa = XCBuildConfiguration;
			buildSettings = {
				INFOPLIST_FILE = "Flightsim CardboardUITests/Info.plist";
				LD_RUNPATH_SEARCH_PATHS = "$(inherited) @executable_path/Frameworks @loader_path/Frameworks";
				PRODUCT_BUNDLE_IDENTIFIER = "xyz.seanp.Flightsim-CardboardUITests";
				PRODUCT_NAME = "$(TARGET_NAME)";
				TEST_TARGET_NAME = "Flightsim Cardboard";
			};
			name = Release;
		};
/* End XCBuildConfiguration section */

/* Begin XCConfigurationList section */
		14BE675F1C5C0FF700361A6D /* Build configuration list for PBXProject "Flightsim Cardboard" */ = {
			isa = XCConfigurationList;
			buildConfigurations = (
				14BE67931C5C0FF800361A6D /* Debug */,
				14BE67941C5C0FF800361A6D /* Release */,
			);
			defaultConfigurationIsVisible = 0;
			defaultConfigurationName = Release;
		};
		14BE67951C5C0FF800361A6D /* Build configuration list for PBXNativeTarget "Flightsim Cardboard" */ = {
			isa = XCConfigurationList;
			buildConfigurations = (
				14BE67961C5C0FF800361A6D /* Debug */,
				14BE67971C5C0FF800361A6D /* Release */,
			);
			defaultConfigurationIsVisible = 0;
			defaultConfigurationName = Release;
		};
		14BE67981C5C0FF800361A6D /* Build configuration list for PBXNativeTarget "Flightsim CardboardTests" */ = {
			isa = XCConfigurationList;
			buildConfigurations = (
				14BE67991C5C0FF800361A6D /* Debug */,
				14BE679A1C5C0FF800361A6D /* Release */,
			);
			defaultConfigurationIsVisible = 0;
			defaultConfigurationName = Release;
		};
		14BE679B1C5C0FF800361A6D /* Build configuration list for PBXNativeTarget "Flightsim CardboardUITests" */ = {
			isa = XCConfigurationList;
			buildConfigurations = (
				14BE679C1C5C0FF800361A6D /* Debug */,
				14BE679D1C5C0FF800361A6D /* Release */,
			);
			defaultConfigurationIsVisible = 0;
			defaultConfigurationName = Release;
		};
/* End XCConfigurationList section */
	};
	rootObject = 14BE675C1C5C0FF700361A6D /* Project object */;
}
